
Microsoft Visual Studio Solution File, Format Version 12.00
# Visual Studio Version 16
VisualStudioVersion = 16.0.31702.278
MinimumVisualStudioVersion = 10.0.40219.1
Project("{8BC9CEB8-8B4A-11D0-8D11-00A0C91BC942}") = "ConsoleApplication2", "ConsoleApplication2\ConsoleApplication2.vcxproj", "{5879A37D-BD81-416D-B468-BE04D7129DC0}"
EndProject
Global
	GlobalSection(SolutionConfigurationPlatforms) = preSolution
		Debug|x64 = Debug|x64
		Debug|x86 = Debug|x86
		Release|x64 = Release|x64
		Release|x86 = Release|x86
	EndGlobalSection
	GlobalSection(ProjectConfigurationPlatforms) = postSolution
		{5879A37D-BD81-416D-B468-BE04D7129DC0}.Debug|x64.ActiveCfg = Debug|x64
		{5879A37D-BD81-416D-B468-BE04D7129DC0}.Debug|x64.Build.0 = Debug|x64
		{5879A37D-BD81-416D-B468-BE04D7129DC0}.Debug|x86.ActiveCfg = Debug|Win32
		{5879A37D-BD81-416D-B468-BE04D7129DC0}.Debug|x86.Build.0 = Debug|Win32
		{5879A37D-BD81-416D-B468-BE04D7129DC0}.Release|x64.ActiveCfg = Release|x64
		{5879A37D-BD81-416D-B468-BE04D7129DC0}.Release|x64.Build.0 = Release|x64
		{5879A37D-BD81-416D-B468-BE04D7129DC0}.Release|x86.ActiveCfg = Release|Win32
		{5879A37D-BD81-416D-B468-BE04D7129DC0}.Release|x86.Build.0 = Release|Win32
	EndGlobalSection
	GlobalSection(SolutionProperties) = preSolution
		HideSolutionNode = FALSE
	EndGlobalSection
	GlobalSection(ExtensibilityGlobals) = postSolution
		SolutionGuid = {37E209B9-6278-4510-B073-E1ECD3431BD7}
	EndGlobalSection
EndGlobal
