
Microsoft Visual Studio Solution File, Format Version 12.00
# Visual Studio Version 16
VisualStudioVersion = 16.0.31702.278
MinimumVisualStudioVersion = 10.0.40219.1
Project("{8BC9CEB8-8B4A-11D0-8D11-00A0C91BC942}") = "ConsoleApplication2", "ConsoleApplication2\ConsoleApplication2.vcxproj", "{B508ABDD-2EB7-4DAE-866C-3BB297CC2F7E}"
EndProject
Global
	GlobalSection(SolutionConfigurationPlatforms) = preSolution
		Debug|x64 = Debug|x64
		Debug|x86 = Debug|x86
		Release|x64 = Release|x64
		Release|x86 = Release|x86
	EndGlobalSection
	GlobalSection(ProjectConfigurationPlatforms) = postSolution
		{B508ABDD-2EB7-4DAE-866C-3BB297CC2F7E}.Debug|x64.ActiveCfg = Debug|x64
		{B508ABDD-2EB7-4DAE-866C-3BB297CC2F7E}.Debug|x64.Build.0 = Debug|x64
		{B508ABDD-2EB7-4DAE-866C-3BB297CC2F7E}.Debug|x86.ActiveCfg = Debug|Win32
		{B508ABDD-2EB7-4DAE-866C-3BB297CC2F7E}.Debug|x86.Build.0 = Debug|Win32
		{B508ABDD-2EB7-4DAE-866C-3BB297CC2F7E}.Release|x64.ActiveCfg = Release|x64
		{B508ABDD-2EB7-4DAE-866C-3BB297CC2F7E}.Release|x64.Build.0 = Release|x64
		{B508ABDD-2EB7-4DAE-866C-3BB297CC2F7E}.Release|x86.ActiveCfg = Release|Win32
		{B508ABDD-2EB7-4DAE-866C-3BB297CC2F7E}.Release|x86.Build.0 = Release|Win32
	EndGlobalSection
	GlobalSection(SolutionProperties) = preSolution
		HideSolutionNode = FALSE
	EndGlobalSection
	GlobalSection(ExtensibilityGlobals) = postSolution
		SolutionGuid = {670D3DAC-5482-40F4-AB34-9E58D990A841}
	EndGlobalSection
EndGlobal
